
Microsoft Visual Studio Solution File, Format Version 12.00
# Visual Studio Version 17
VisualStudioVersion = 17.13.35825.156
MinimumVisualStudioVersion = 10.0.40219.1
Project("{FAE04EC0-301F-11D3-BF4B-00C04F79EFBC}") = "DAL", "DAL\DAL.csproj", "{F83E5CC3-78C8-4144-893B-EED755B62884}"
EndProject
Project("{FAE04EC0-301F-11D3-BF4B-00C04F79EFBC}") = "Services", "Services\Services.csproj", "{D7AABBC0-E3C2-4CA5-82FD-119C1AB193DE}"
EndProject
Project("{FAE04EC0-301F-11D3-BF4B-00C04F79EFBC}") = "WebApplication1", "WebApplication1\WebApplication1.csproj", "{661D85EC-85E2-446B-9A50-956E0BEFB28C}"
EndProject
Global
	GlobalSection(SolutionConfigurationPlatforms) = preSolution
		Debug|Any CPU = Debug|Any CPU
		Release|Any CPU = Release|Any CPU
	EndGlobalSection
	GlobalSection(ProjectConfigurationPlatforms) = postSolution
		{F83E5CC3-78C8-4144-893B-EED755B62884}.Debug|Any CPU.ActiveCfg = Debug|Any CPU
		{F83E5CC3-78C8-4144-893B-EED755B62884}.Debug|Any CPU.Build.0 = Debug|Any CPU
		{F83E5CC3-78C8-4144-893B-EED755B62884}.Release|Any CPU.ActiveCfg = Release|Any CPU
		{F83E5CC3-78C8-4144-893B-EED755B62884}.Release|Any CPU.Build.0 = Release|Any CPU
		{D7AABBC0-E3C2-4CA5-82FD-119C1AB193DE}.Debug|Any CPU.ActiveCfg = Debug|Any CPU
		{D7AABBC0-E3C2-4CA5-82FD-119C1AB193DE}.Debug|Any CPU.Build.0 = Debug|Any CPU
		{D7AABBC0-E3C2-4CA5-82FD-119C1AB193DE}.Release|Any CPU.ActiveCfg = Release|Any CPU
		{D7AABBC0-E3C2-4CA5-82FD-119C1AB193DE}.Release|Any CPU.Build.0 = Release|Any CPU
		{661D85EC-85E2-446B-9A50-956E0BEFB28C}.Debug|Any CPU.ActiveCfg = Debug|Any CPU
		{661D85EC-85E2-446B-9A50-956E0BEFB28C}.Debug|Any CPU.Build.0 = Debug|Any CPU
		{661D85EC-85E2-446B-9A50-956E0BEFB28C}.Release|Any CPU.ActiveCfg = Release|Any CPU
		{661D85EC-85E2-446B-9A50-956E0BEFB28C}.Release|Any CPU.Build.0 = Release|Any CPU
	EndGlobalSection
	GlobalSection(SolutionProperties) = preSolution
		HideSolutionNode = FALSE
	EndGlobalSection
	GlobalSection(ExtensibilityGlobals) = postSolution
		SolutionGuid = {E1572007-79AB-4E6A-9B3C-627009BD4DF9}
	EndGlobalSection
EndGlobal
